PODS:
  - boost (1.76.0)
  - BVLinearGradient (2.8.3):
    - React-Core
  - CocoaAsyncSocket (7.6.5)
  - DoubleConversion (1.1.6)
  - FBLazyVector (0.72.17)
  - FBReactNativeSpec (0.72.17):
    - RCT-Folly (= 2021.07.22.00)
    - RCTRequired (= 0.72.17)
    - RCTTypeSafety (= 0.72.17)
    - React-Core (= 0.72.17)
    - React-jsi (= 0.72.17)
    - ReactCommon/turbomodule/core (= 0.72.17)
  - Flipper (0.182.0):
    - Flipper-Folly (~> 2.6)
  - Flipper-Boost-iOSX (1.76.0.1.11)
  - Flipper-DoubleConversion (3.2.0.1)
  - Flipper-Fmt (7.1.7)
  - Flipper-Folly (2.6.10):
    - Flipper-Boost-iOSX
    - Flipper-DoubleConversion
    - Flipper-Fmt (= 7.1.7)
    - Flipper-Glog
    - libevent (~> 2.1.12)
    - OpenSSL-Universal (= 1.1.1100)
  - Flipper-Glog (0.5.0.5)
  - Flipper-PeerTalk (0.0.4)
  - FlipperKit (0.182.0):
    - FlipperKit/Core (= 0.182.0)
  - FlipperKit/Core (0.182.0):
    - Flipper (~> 0.182.0)
    - FlipperKit/CppBridge
    - FlipperKit/FBCxxFollyDynamicConvert
    - FlipperKit/FBDefines
    - FlipperKit/FKPortForwarding
    - SocketRocket (~> 0.6.0)
  - FlipperKit/CppBridge (0.182.0):
    - Flipper (~> 0.182.0)
  - FlipperKit/FBCxxFollyDynamicConvert (0.182.0):
    - Flipper-Folly (~> 2.6)
  - FlipperKit/FBDefines (0.182.0)
  - FlipperKit/FKPortForwarding (0.182.0):
    - CocoaAsyncSocket (~> 7.6)
    - Flipper-PeerTalk (~> 0.0.4)
  - FlipperKit/FlipperKitHighlightOverlay (0.182.0)
  - FlipperKit/FlipperKitLayoutHelpers (0.182.0):
    - FlipperKit/Core
    - FlipperKit/FlipperKitHighlightOverlay
    - FlipperKit/FlipperKitLayoutTextSearchable
  - FlipperKit/FlipperKitLayoutIOSDescriptors (0.182.0):
    - FlipperKit/Core
    - FlipperKit/FlipperKitHighlightOverlay
    - FlipperKit/FlipperKitLayoutHelpers
    - YogaKit (~> 1.18)
  - FlipperKit/FlipperKitLayoutPlugin (0.182.0):
    - FlipperKit/Core
    - FlipperKit/FlipperKitHighlightOverlay
    - FlipperKit/FlipperKitLayoutHelpers
    - FlipperKit/FlipperKitLayoutIOSDescriptors
    - FlipperKit/FlipperKitLayoutTextSearchable
    - YogaKit (~> 1.18)
  - FlipperKit/FlipperKitLayoutTextSearchable (0.182.0)
  - FlipperKit/FlipperKitNetworkPlugin (0.182.0):
    - FlipperKit/Core
  - FlipperKit/FlipperKitReactPlugin (0.182.0):
    - FlipperKit/Core
  - FlipperKit/FlipperKitUserDefaultsPlugin (0.182.0):
    - FlipperKit/Core
  - FlipperKit/SKIOSNetworkPlugin (0.182.0):
    - FlipperKit/Core
    - FlipperKit/FlipperKitNetworkPlugin
  - fmt (6.2.1)
  - glog (0.3.5)
  - hermes-engine (0.72.17):
    - hermes-engine/Pre-built (= 0.72.17)
  - hermes-engine/Pre-built (0.72.17)
  - jail-monkey (2.8.4):
    - React-Core
  - libevent (2.1.12)
  - libwebp (1.5.0):
    - libwebp/demux (= 1.5.0)
    - libwebp/mux (= 1.5.0)
    - libwebp/sharpyuv (= 1.5.0)
    - libwebp/webp (= 1.5.0)
  - libwebp/demux (1.5.0):
    - libwebp/webp
  - libwebp/mux (1.5.0):
    - libwebp/demux
  - libwebp/sharpyuv (1.5.0)
  - libwebp/webp (1.5.0):
    - libwebp/sharpyuv
  - OpenSSL-Universal (1.1.1100)
  - Permission-Camera (3.6.1):
    - RNPermissions
  - RCT-Folly (2021.07.22.00):
    - boost
    - DoubleConversion
    - fmt (~> 6.2.1)
    - glog
    - RCT-Folly/Default (= 2021.07.22.00)
  - RCT-Folly/Default (2021.07.22.00):
    - boost
    - DoubleConversion
    - fmt (~> 6.2.1)
    - glog
  - RCT-Folly/Futures (2021.07.22.00):
    - boost
    - DoubleConversion
    - fmt (~> 6.2.1)
    - glog
    - libevent
  - RCTRequired (0.72.17)
  - RCTTypeSafety (0.72.17):
    - FBLazyVector (= 0.72.17)
    - RCTRequired (= 0.72.17)
    - React-Core (= 0.72.17)
  - React (0.72.17):
    - React-Core (= 0.72.17)
    - React-Core/DevSupport (= 0.72.17)
    - React-Core/RCTWebSocket (= 0.72.17)
    - React-RCTActionSheet (= 0.72.17)
    - React-RCTAnimation (= 0.72.17)
    - React-RCTBlob (= 0.72.17)
    - React-RCTImage (= 0.72.17)
    - React-RCTLinking (= 0.72.17)
    - React-RCTNetwork (= 0.72.17)
    - React-RCTSettings (= 0.72.17)
    - React-RCTText (= 0.72.17)
    - React-RCTVibration (= 0.72.17)
  - React-callinvoker (0.72.17)
  - React-Codegen (0.72.17):
    - DoubleConversion
    - FBReactNativeSpec
    - glog
    - hermes-engine
    - RCT-Folly
    - RCTRequired
    - RCTTypeSafety
    - React-Core
    - React-jsi
    - React-jsiexecutor
    - React-NativeModulesApple
    - React-rncore
    - ReactCommon/turbomodule/bridging
    - ReactCommon/turbomodule/core
  - React-Core (0.72.17):
    - glog
    - hermes-engine
    - RCT-Folly (= 2021.07.22.00)
    - React-Core/Default (= 0.72.17)
    - React-cxxreact
    - React-hermes
    - React-jsi
    - React-jsiexecutor
    - React-perflogger
    - React-runtimeexecutor
    - React-utils
    - SocketRocket (= 0.6.1)
    - Yoga
  - React-Core/CoreModulesHeaders (0.72.17):
    - glog
    - hermes-engine
    - RCT-Folly (= 2021.07.22.00)
    - React-Core/Default
    - React-cxxreact
    - React-hermes
    - React-jsi
    - React-jsiexecutor
    - React-perflogger
    - React-runtimeexecutor
    - React-utils
    - SocketRocket (= 0.6.1)
    - Yoga
  - React-Core/Default (0.72.17):
    - glog
    - hermes-engine
    - RCT-Folly (= 2021.07.22.00)
    - React-cxxreact
    - React-hermes
    - React-jsi
    - React-jsiexecutor
    - React-perflogger
    - React-runtimeexecutor
    - React-utils
    - SocketRocket (= 0.6.1)
    - Yoga
  - React-Core/DevSupport (0.72.17):
    - glog
    - hermes-engine
    - RCT-Folly (= 2021.07.22.00)
    - React-Core/Default (= 0.72.17)
    - React-Core/RCTWebSocket (= 0.72.17)
    - React-cxxreact
    - React-hermes
    - React-jsi
    - React-jsiexecutor
    - React-jsinspector (= 0.72.17)
    - React-perflogger
    - React-runtimeexecutor
    - React-utils
    - SocketRocket (= 0.6.1)
    - Yoga
  - React-Core/RCTActionSheetHeaders (0.72.17):
    - glog
    - hermes-engine
    - RCT-Folly (= 2021.07.22.00)
    - React-Core/Default
    - React-cxxreact
    - React-hermes
    - React-jsi
    - React-jsiexecutor
    - React-perflogger
    - React-runtimeexecutor
    - React-utils
    - SocketRocket (= 0.6.1)
    - Yoga
  - React-Core/RCTAnimationHeaders (0.72.17):
    - glog
    - hermes-engine
    - RCT-Folly (= 2021.07.22.00)
    - React-Core/Default
    - React-cxxreact
    - React-hermes
    - React-jsi
    - React-jsiexecutor
    - React-perflogger
    - React-runtimeexecutor
    - React-utils
    - SocketRocket (= 0.6.1)
    - Yoga
  - React-Core/RCTBlobHeaders (0.72.17):
    - glog
    - hermes-engine
    - RCT-Folly (= 2021.07.22.00)
    - React-Core/Default
    - React-cxxreact
    - React-hermes
    - React-jsi
    - React-jsiexecutor
    - React-perflogger
    - React-runtimeexecutor
    - React-utils
    - SocketRocket (= 0.6.1)
    - Yoga
  - React-Core/RCTImageHeaders (0.72.17):
    - glog
    - hermes-engine
    - RCT-Folly (= 2021.07.22.00)
    - React-Core/Default
    - React-cxxreact
    - React-hermes
    - React-jsi
    - React-jsiexecutor
    - React-perflogger
    - React-runtimeexecutor
    - React-utils
    - SocketRocket (= 0.6.1)
    - Yoga
  - React-Core/RCTLinkingHeaders (0.72.17):
    - glog
    - hermes-engine
    - RCT-Folly (= 2021.07.22.00)
    - React-Core/Default
    - React-cxxreact
    - React-hermes
    - React-jsi
    - React-jsiexecutor
    - React-perflogger
    - React-runtimeexecutor
    - React-utils
    - SocketRocket (= 0.6.1)
    - Yoga
  - React-Core/RCTNetworkHeaders (0.72.17):
    - glog
    - hermes-engine
    - RCT-Folly (= 2021.07.22.00)
    - React-Core/Default
    - React-cxxreact
    - React-hermes
    - React-jsi
    - React-jsiexecutor
    - React-perflogger
    - React-runtimeexecutor
    - React-utils
    - SocketRocket (= 0.6.1)
    - Yoga
  - React-Core/RCTSettingsHeaders (0.72.17):
    - glog
    - hermes-engine
    - RCT-Folly (= 2021.07.22.00)
    - React-Core/Default
    - React-cxxreact
    - React-hermes
    - React-jsi
    - React-jsiexecutor
    - React-perflogger
    - React-runtimeexecutor
    - React-utils
    - SocketRocket (= 0.6.1)
    - Yoga
  - React-Core/RCTTextHeaders (0.72.17):
    - glog
    - hermes-engine
    - RCT-Folly (= 2021.07.22.00)
    - React-Core/Default
    - React-cxxreact
    - React-hermes
    - React-jsi
    - React-jsiexecutor
    - React-perflogger
    - React-runtimeexecutor
    - React-utils
    - SocketRocket (= 0.6.1)
    - Yoga
  - React-Core/RCTVibrationHeaders (0.72.17):
    - glog
    - hermes-engine
    - RCT-Folly (= 2021.07.22.00)
    - React-Core/Default
    - React-cxxreact
    - React-hermes
    - React-jsi
    - React-jsiexecutor
    - React-perflogger
    - React-runtimeexecutor
    - React-utils
    - SocketRocket (= 0.6.1)
    - Yoga
  - React-Core/RCTWebSocket (0.72.17):
    - glog
    - hermes-engine
    - RCT-Folly (= 2021.07.22.00)
    - React-Core/Default (= 0.72.17)
    - React-cxxreact
    - React-hermes
    - React-jsi
    - React-jsiexecutor
    - React-perflogger
    - React-runtimeexecutor
    - React-utils
    - SocketRocket (= 0.6.1)
    - Yoga
  - React-CoreModules (0.72.17):
    - RCT-Folly (= 2021.07.22.00)
    - RCTTypeSafety (= 0.72.17)
    - React-Codegen (= 0.72.17)
    - React-Core/CoreModulesHeaders (= 0.72.17)
    - React-jsi (= 0.72.17)
    - React-RCTBlob
    - React-RCTImage (= 0.72.17)
    - ReactCommon/turbomodule/core (= 0.72.17)
    - SocketRocket (= 0.6.1)
  - React-cxxreact (0.72.17):
    - boost (= 1.76.0)
    - DoubleConversion
    - glog
    - hermes-engine
    - RCT-Folly (= 2021.07.22.00)
    - React-callinvoker (= 0.72.17)
    - React-debug (= 0.72.17)
    - React-jsi (= 0.72.17)
    - React-jsinspector (= 0.72.17)
    - React-logger (= 0.72.17)
    - React-perflogger (= 0.72.17)
    - React-runtimeexecutor (= 0.72.17)
  - React-debug (0.72.17)
  - React-hermes (0.72.17):
    - DoubleConversion
    - glog
    - hermes-engine
    - RCT-Folly (= 2021.07.22.00)
    - RCT-Folly/Futures (= 2021.07.22.00)
    - React-cxxreact (= 0.72.17)
    - React-jsi
    - React-jsiexecutor (= 0.72.17)
    - React-jsinspector (= 0.72.17)
    - React-perflogger (= 0.72.17)
  - React-jsi (0.72.17):
    - boost (= 1.76.0)
    - DoubleConversion
    - glog
    - hermes-engine
    - RCT-Folly (= 2021.07.22.00)
  - React-jsiexecutor (0.72.17):
    - DoubleConversion
    - glog
    - hermes-engine
    - RCT-Folly (= 2021.07.22.00)
    - React-cxxreact (= 0.72.17)
    - React-jsi (= 0.72.17)
    - React-perflogger (= 0.72.17)
  - React-jsinspector (0.72.17)
  - React-logger (0.72.17):
    - glog
  - react-native-biometrics (2.2.2):
    - React
  - react-native-camera (4.2.1):
    - React-Core
    - react-native-camera/RCT (= 4.2.1)
    - react-native-camera/RN (= 4.2.1)
  - react-native-camera/RCT (4.2.1):
    - React-Core
  - react-native-camera/RN (4.2.1):
    - React-Core
  - react-native-get-random-values (1.11.0):
    - React-Core
  - react-native-netinfo (8.3.1):
    - React-Core
  - react-native-quick-base64 (2.2.1):
    - React-Core
  - react-native-randombytes (3.6.2):
    - React-Core
  - react-native-safe-area-context (4.14.1):
    - React-Core
  - react-native-splash-screen (3.3.0):
    - React-Core
  - react-native-tcp-socket (6.3.0):
    - CocoaAsyncSocket
    - React-Core
  - react-native-udp (4.1.7):
    - CocoaAsyncSocket
    - React-Core
  - react-native-webview (11.26.1):
    - React-Core
  - React-NativeModulesApple (0.72.17):
    - hermes-engine
    - React-callinvoker
    - React-Core
    - React-cxxreact
    - React-jsi
    - React-runtimeexecutor
    - ReactCommon/turbomodule/bridging
    - ReactCommon/turbomodule/core
  - React-perflogger (0.72.17)
  - React-RCTActionSheet (0.72.17):
    - React-Core/RCTActionSheetHeaders (= 0.72.17)
  - React-RCTAnimation (0.72.17):
    - RCT-Folly (= 2021.07.22.00)
    - RCTTypeSafety (= 0.72.17)
    - React-Codegen (= 0.72.17)
    - React-Core/RCTAnimationHeaders (= 0.72.17)
    - React-jsi (= 0.72.17)
    - ReactCommon/turbomodule/core (= 0.72.17)
  - React-RCTAppDelegate (0.72.17):
    - RCT-Folly
    - RCTRequired
    - RCTTypeSafety
    - React-Core
    - React-CoreModules
    - React-hermes
    - React-NativeModulesApple
    - React-RCTImage
    - React-RCTNetwork
    - React-runtimescheduler
    - ReactCommon/turbomodule/core
  - React-RCTBlob (0.72.17):
    - hermes-engine
    - RCT-Folly (= 2021.07.22.00)
    - React-Codegen (= 0.72.17)
    - React-Core/RCTBlobHeaders (= 0.72.17)
    - React-Core/RCTWebSocket (= 0.72.17)
    - React-jsi (= 0.72.17)
    - React-RCTNetwork (= 0.72.17)
    - ReactCommon/turbomodule/core (= 0.72.17)
  - React-RCTImage (0.72.17):
    - RCT-Folly (= 2021.07.22.00)
    - RCTTypeSafety (= 0.72.17)
    - React-Codegen (= 0.72.17)
    - React-Core/RCTImageHeaders (= 0.72.17)
    - React-jsi (= 0.72.17)
    - React-RCTNetwork (= 0.72.17)
    - ReactCommon/turbomodule/core (= 0.72.17)
  - React-RCTLinking (0.72.17):
    - React-Codegen (= 0.72.17)
    - React-Core/RCTLinkingHeaders (= 0.72.17)
    - React-jsi (= 0.72.17)
    - ReactCommon/turbomodule/core (= 0.72.17)
  - React-RCTNetwork (0.72.17):
    - RCT-Folly (= 2021.07.22.00)
    - RCTTypeSafety (= 0.72.17)
    - React-Codegen (= 0.72.17)
    - React-Core/RCTNetworkHeaders (= 0.72.17)
    - React-jsi (= 0.72.17)
    - ReactCommon/turbomodule/core (= 0.72.17)
  - React-RCTSettings (0.72.17):
    - RCT-Folly (= 2021.07.22.00)
    - RCTTypeSafety (= 0.72.17)
    - React-Codegen (= 0.72.17)
    - React-Core/RCTSettingsHeaders (= 0.72.17)
    - React-jsi (= 0.72.17)
    - ReactCommon/turbomodule/core (= 0.72.17)
  - React-RCTText (0.72.17):
    - React-Core/RCTTextHeaders (= 0.72.17)
  - React-RCTVibration (0.72.17):
    - RCT-Folly (= 2021.07.22.00)
    - React-Codegen (= 0.72.17)
    - React-Core/RCTVibrationHeaders (= 0.72.17)
    - React-jsi (= 0.72.17)
    - ReactCommon/turbomodule/core (= 0.72.17)
  - React-rncore (0.72.17)
  - React-runtimeexecutor (0.72.17):
    - React-jsi (= 0.72.17)
  - React-runtimescheduler (0.72.17):
    - glog
    - hermes-engine
    - RCT-Folly (= 2021.07.22.00)
    - React-callinvoker
    - React-debug
    - React-jsi
    - React-runtimeexecutor
  - React-utils (0.72.17):
    - glog
    - RCT-Folly (= 2021.07.22.00)
    - React-debug
  - ReactCommon/turbomodule/bridging (0.72.17):
    - DoubleConversion
    - glog
    - hermes-engine
    - RCT-Folly (= 2021.07.22.00)
    - React-callinvoker (= 0.72.17)
    - React-cxxreact (= 0.72.17)
    - React-jsi (= 0.72.17)
    - React-logger (= 0.72.17)
    - React-perflogger (= 0.72.17)
  - ReactCommon/turbomodule/core (0.72.17):
    - DoubleConversion
    - glog
    - hermes-engine
    - RCT-Folly (= 2021.07.22.00)
    - React-callinvoker (= 0.72.17)
    - React-cxxreact (= 0.72.17)
    - React-jsi (= 0.72.17)
    - React-logger (= 0.72.17)
    - React-perflogger (= 0.72.17)
  - RNCAsyncStorage (2.2.0):
    - React-Core
  - RNCClipboard (1.16.3):
    - React-Core
  - RNDeviceInfo (8.7.1):
    - React-Core
  - RNFastImage (8.5.11):
    - React-Core
    - SDWebImage (~> 5.11.1)
    - SDWebImageWebPCoder (~> 0.8.4)
  - RNFS (2.20.0):
    - React-Core
  - RNGestureHandler (2.17.1):
    - RCT-Folly (= 2021.07.22.00)
    - React-Core
  - RNInAppBrowser (3.7.0):
    - React-Core
  - RNKeychain (8.0.0):
    - React-Core
  - RNPermissions (3.6.1):
    - React-Core
  - RNReanimated (3.15.5):
    - RCT-Folly (= 2021.07.22.00)
    - React-Core
    - ReactCommon/turbomodule/core
    - RNReanimated/reanimated (= 3.15.5)
    - RNReanimated/worklets (= 3.15.5)
  - RNReanimated/reanimated (3.15.5):
    - RCT-Folly (= 2021.07.22.00)
    - React-Core
    - ReactCommon/turbomodule/core
  - RNReanimated/worklets (3.15.5):
    - RCT-Folly (= 2021.07.22.00)
    - React-Core
    - ReactCommon/turbomodule/core
  - RNScreens (3.29.0):
    - RCT-Folly (= 2021.07.22.00)
    - React-Core
  - RNSVG (13.14.1):
    - React-Core
  - RNVectorIcons (9.2.0):
    - React-Core
  - SDWebImage (5.11.1):
    - SDWebImage/Core (= 5.11.1)
  - SDWebImage/Core (5.11.1)
  - SDWebImageWebPCoder (0.8.5):
    - libwebp (~> 1.0)
    - SDWebImage/Core (~> 5.10)
  - SocketRocket (0.6.1)
  - Yoga (1.14.0)
  - YogaKit (1.18.1):
    - Yoga (~> 1.14)

DEPENDENCIES:
  - boost (from `../node_modules/react-native/third-party-podspecs/boost.podspec`)
  - BVLinearGradient (from `../node_modules/react-native-linear-gradient`)
  - DoubleConversion (from `../node_modules/react-native/third-party-podspecs/DoubleConversion.podspec`)
  - FBLazyVector (from `../node_modules/react-native/Libraries/FBLazyVector`)
  - FBReactNativeSpec (from `../node_modules/react-native/React/FBReactNativeSpec`)
  - Flipper (= 0.182.0)
  - Flipper-Boost-iOSX (= 1.76.0.1.11)
  - Flipper-DoubleConversion (= 3.2.0.1)
  - Flipper-Fmt (= 7.1.7)
  - Flipper-Folly (= 2.6.10)
  - Flipper-Glog (= 0.5.0.5)
  - Flipper-PeerTalk (= 0.0.4)
  - FlipperKit (= 0.182.0)
  - FlipperKit/Core (= 0.182.0)
  - FlipperKit/CppBridge (= 0.182.0)
  - FlipperKit/FBCxxFollyDynamicConvert (= 0.182.0)
  - FlipperKit/FBDefines (= 0.182.0)
  - FlipperKit/FKPortForwarding (= 0.182.0)
  - FlipperKit/FlipperKitHighlightOverlay (= 0.182.0)
  - FlipperKit/FlipperKitLayoutPlugin (= 0.182.0)
  - FlipperKit/FlipperKitLayoutTextSearchable (= 0.182.0)
  - FlipperKit/FlipperKitNetworkPlugin (= 0.182.0)
  - FlipperKit/FlipperKitReactPlugin (= 0.182.0)
  - FlipperKit/FlipperKitUserDefaultsPlugin (= 0.182.0)
  - FlipperKit/SKIOSNetworkPlugin (= 0.182.0)
  - glog (from `../node_modules/react-native/third-party-podspecs/glog.podspec`)
  - hermes-engine (from `../node_modules/react-native/sdks/hermes-engine/hermes-engine.podspec`)
  - jail-monkey (from `../node_modules/jail-monkey`)
  - libevent (~> 2.1.12)
  - OpenSSL-Universal (= 1.1.1100)
  - Permission-Camera (from `../node_modules/react-native-permissions/ios/Camera`)
  - RCT-Folly (from `../node_modules/react-native/third-party-podspecs/RCT-Folly.podspec`)
  - RCTRequired (from `../node_modules/react-native/Libraries/RCTRequired`)
  - RCTTypeSafety (from `../node_modules/react-native/Libraries/TypeSafety`)
  - React (from `../node_modules/react-native/`)
  - React-callinvoker (from `../node_modules/react-native/ReactCommon/callinvoker`)
  - React-Codegen (from `build/generated/ios`)
  - React-Core (from `../node_modules/react-native/`)
  - React-Core/DevSupport (from `../node_modules/react-native/`)
  - React-Core/RCTWebSocket (from `../node_modules/react-native/`)
  - React-CoreModules (from `../node_modules/react-native/React/CoreModules`)
  - React-cxxreact (from `../node_modules/react-native/ReactCommon/cxxreact`)
  - React-debug (from `../node_modules/react-native/ReactCommon/react/debug`)
  - React-hermes (from `../node_modules/react-native/ReactCommon/hermes`)
  - React-jsi (from `../node_modules/react-native/ReactCommon/jsi`)
  - React-jsiexecutor (from `../node_modules/react-native/ReactCommon/jsiexecutor`)
  - React-jsinspector (from `../node_modules/react-native/ReactCommon/jsinspector`)
  - React-logger (from `../node_modules/react-native/ReactCommon/logger`)
  - react-native-biometrics (from `../node_modules/react-native-biometrics`)
  - react-native-camera (from `../node_modules/react-native-camera`)
  - react-native-get-random-values (from `../node_modules/react-native-get-random-values`)
  - "react-native-netinfo (from `../node_modules/@react-native-community/netinfo`)"
  - react-native-quick-base64 (from `../node_modules/react-native-quick-base64`)
  - react-native-randombytes (from `../node_modules/react-native-randombytes`)
  - react-native-safe-area-context (from `../node_modules/react-native-safe-area-context`)
  - react-native-splash-screen (from `../node_modules/react-native-splash-screen`)
  - react-native-tcp-socket (from `../node_modules/react-native-tcp-socket`)
  - react-native-udp (from `../node_modules/react-native-udp`)
  - react-native-webview (from `../node_modules/react-native-webview`)
  - React-NativeModulesApple (from `../node_modules/react-native/ReactCommon/react/nativemodule/core/platform/ios`)
  - React-perflogger (from `../node_modules/react-native/ReactCommon/reactperflogger`)
  - React-RCTActionSheet (from `../node_modules/react-native/Libraries/ActionSheetIOS`)
  - React-RCTAnimation (from `../node_modules/react-native/Libraries/NativeAnimation`)
  - React-RCTAppDelegate (from `../node_modules/react-native/Libraries/AppDelegate`)
  - React-RCTBlob (from `../node_modules/react-native/Libraries/Blob`)
  - React-RCTImage (from `../node_modules/react-native/Libraries/Image`)
  - React-RCTLinking (from `../node_modules/react-native/Libraries/LinkingIOS`)
  - React-RCTNetwork (from `../node_modules/react-native/Libraries/Network`)
  - React-RCTSettings (from `../node_modules/react-native/Libraries/Settings`)
  - React-RCTText (from `../node_modules/react-native/Libraries/Text`)
  - React-RCTVibration (from `../node_modules/react-native/Libraries/Vibration`)
  - React-rncore (from `../node_modules/react-native/ReactCommon`)
  - React-runtimeexecutor (from `../node_modules/react-native/ReactCommon/runtimeexecutor`)
  - React-runtimescheduler (from `../node_modules/react-native/ReactCommon/react/renderer/runtimescheduler`)
  - React-utils (from `../node_modules/react-native/ReactCommon/react/utils`)
  - ReactCommon/turbomodule/core (from `../node_modules/react-native/ReactCommon`)
  - "RNCAsyncStorage (from `../node_modules/@react-native-async-storage/async-storage`)"
  - "RNCClipboard (from `../node_modules/@react-native-clipboard/clipboard`)"
  - RNDeviceInfo (from `../node_modules/react-native-device-info`)
  - RNFastImage (from `../node_modules/react-native-fast-image`)
  - RNFS (from `../node_modules/react-native-fs`)
  - RNGestureHandler (from `../node_modules/react-native-gesture-handler`)
  - RNInAppBrowser (from `../node_modules/react-native-inappbrowser-reborn`)
  - RNKeychain (from `../node_modules/react-native-keychain`)
  - RNPermissions (from `../node_modules/react-native-permissions`)
  - RNReanimated (from `../node_modules/react-native-reanimated`)
  - RNScreens (from `../node_modules/react-native-screens`)
  - RNSVG (from `../node_modules/react-native-svg`)
  - RNVectorIcons (from `../node_modules/react-native-vector-icons`)
  - Yoga (from `../node_modules/react-native/ReactCommon/yoga`)

SPEC REPOS:
  trunk:
    - CocoaAsyncSocket
    - Flipper
    - Flipper-Boost-iOSX
    - Flipper-DoubleConversion
    - Flipper-Fmt
    - Flipper-Folly
    - Flipper-Glog
    - Flipper-PeerTalk
    - FlipperKit
    - fmt
    - libevent
    - libwebp
    - OpenSSL-Universal
    - SDWebImage
    - SDWebImageWebPCoder
    - SocketRocket
    - YogaKit

EXTERNAL SOURCES:
  boost:
    :podspec: "../node_modules/react-native/third-party-podspecs/boost.podspec"
  BVLinearGradient:
    :path: "../node_modules/react-native-linear-gradient"
  DoubleConversion:
    :podspec: "../node_modules/react-native/third-party-podspecs/DoubleConversion.podspec"
  FBLazyVector:
    :path: "../node_modules/react-native/Libraries/FBLazyVector"
  FBReactNativeSpec:
    :path: "../node_modules/react-native/React/FBReactNativeSpec"
  glog:
    :podspec: "../node_modules/react-native/third-party-podspecs/glog.podspec"
  hermes-engine:
    :podspec: "../node_modules/react-native/sdks/hermes-engine/hermes-engine.podspec"
  jail-monkey:
    :path: "../node_modules/jail-monkey"
  Permission-Camera:
    :path: "../node_modules/react-native-permissions/ios/Camera"
  RCT-Folly:
    :podspec: "../node_modules/react-native/third-party-podspecs/RCT-Folly.podspec"
  RCTRequired:
    :path: "../node_modules/react-native/Libraries/RCTRequired"
  RCTTypeSafety:
    :path: "../node_modules/react-native/Libraries/TypeSafety"
  React:
    :path: "../node_modules/react-native/"
  React-callinvoker:
    :path: "../node_modules/react-native/ReactCommon/callinvoker"
  React-Codegen:
    :path: build/generated/ios
  React-Core:
    :path: "../node_modules/react-native/"
  React-CoreModules:
    :path: "../node_modules/react-native/React/CoreModules"
  React-cxxreact:
    :path: "../node_modules/react-native/ReactCommon/cxxreact"
  React-debug:
    :path: "../node_modules/react-native/ReactCommon/react/debug"
  React-hermes:
    :path: "../node_modules/react-native/ReactCommon/hermes"
  React-jsi:
    :path: "../node_modules/react-native/ReactCommon/jsi"
  React-jsiexecutor:
    :path: "../node_modules/react-native/ReactCommon/jsiexecutor"
  React-jsinspector:
    :path: "../node_modules/react-native/ReactCommon/jsinspector"
  React-logger:
    :path: "../node_modules/react-native/ReactCommon/logger"
  react-native-biometrics:
    :path: "../node_modules/react-native-biometrics"
  react-native-camera:
    :path: "../node_modules/react-native-camera"
  react-native-get-random-values:
    :path: "../node_modules/react-native-get-random-values"
  react-native-netinfo:
    :path: "../node_modules/@react-native-community/netinfo"
  react-native-quick-base64:
    :path: "../node_modules/react-native-quick-base64"
  react-native-randombytes:
    :path: "../node_modules/react-native-randombytes"
  react-native-safe-area-context:
    :path: "../node_modules/react-native-safe-area-context"
  react-native-splash-screen:
    :path: "../node_modules/react-native-splash-screen"
  react-native-tcp-socket:
    :path: "../node_modules/react-native-tcp-socket"
  react-native-udp:
    :path: "../node_modules/react-native-udp"
  react-native-webview:
    :path: "../node_modules/react-native-webview"
  React-NativeModulesApple:
    :path: "../node_modules/react-native/ReactCommon/react/nativemodule/core/platform/ios"
  React-perflogger:
    :path: "../node_modules/react-native/ReactCommon/reactperflogger"
  React-RCTActionSheet:
    :path: "../node_modules/react-native/Libraries/ActionSheetIOS"
  React-RCTAnimation:
    :path: "../node_modules/react-native/Libraries/NativeAnimation"
  React-RCTAppDelegate:
    :path: "../node_modules/react-native/Libraries/AppDelegate"
  React-RCTBlob:
    :path: "../node_modules/react-native/Libraries/Blob"
  React-RCTImage:
    :path: "../node_modules/react-native/Libraries/Image"
  React-RCTLinking:
    :path: "../node_modules/react-native/Libraries/LinkingIOS"
  React-RCTNetwork:
    :path: "../node_modules/react-native/Libraries/Network"
  React-RCTSettings:
    :path: "../node_modules/react-native/Libraries/Settings"
  React-RCTText:
    :path: "../node_modules/react-native/Libraries/Text"
  React-RCTVibration:
    :path: "../node_modules/react-native/Libraries/Vibration"
  React-rncore:
    :path: "../node_modules/react-native/ReactCommon"
  React-runtimeexecutor:
    :path: "../node_modules/react-native/ReactCommon/runtimeexecutor"
  React-runtimescheduler:
    :path: "../node_modules/react-native/ReactCommon/react/renderer/runtimescheduler"
  React-utils:
    :path: "../node_modules/react-native/ReactCommon/react/utils"
  ReactCommon:
    :path: "../node_modules/react-native/ReactCommon"
  RNCAsyncStorage:
    :path: "../node_modules/@react-native-async-storage/async-storage"
  RNCClipboard:
    :path: "../node_modules/@react-native-clipboard/clipboard"
  RNDeviceInfo:
    :path: "../node_modules/react-native-device-info"
  RNFastImage:
    :path: "../node_modules/react-native-fast-image"
  RNFS:
    :path: "../node_modules/react-native-fs"
  RNGestureHandler:
    :path: "../node_modules/react-native-gesture-handler"
  RNInAppBrowser:
    :path: "../node_modules/react-native-inappbrowser-reborn"
  RNKeychain:
    :path: "../node_modules/react-native-keychain"
  RNPermissions:
    :path: "../node_modules/react-native-permissions"
  RNReanimated:
    :path: "../node_modules/react-native-reanimated"
  RNScreens:
    :path: "../node_modules/react-native-screens"
  RNSVG:
    :path: "../node_modules/react-native-svg"
  RNVectorIcons:
    :path: "../node_modules/react-native-vector-icons"
  Yoga:
    :path: "../node_modules/react-native/ReactCommon/yoga"

SPEC CHECKSUMS:
  boost: 7dcd2de282d72e344012f7d6564d024930a6a440
  BVLinearGradient: cb006ba232a1f3e4f341bb62c42d1098c284da70
  CocoaAsyncSocket: 065fd1e645c7abab64f7a6a2007a48038fdc6a99
  DoubleConversion: 5189b271737e1565bdce30deb4a08d647e3f5f54
  FBLazyVector: 66398fc2381d8fa1eee4c0f80d931587a7b927e8
  FBReactNativeSpec: 0f8cecf999d709dba7626bbf565b1b5f8f46a5c1
  Flipper: 6edb735e6c3e332975d1b17956bcc584eccf5818
  Flipper-Boost-iOSX: fd1e2b8cbef7e662a122412d7ac5f5bea715403c
  Flipper-DoubleConversion: 2dc99b02f658daf147069aad9dbd29d8feb06d30
  Flipper-Fmt: 60cbdd92fc254826e61d669a5d87ef7015396a9b
  Flipper-Folly: 584845625005ff068a6ebf41f857f468decd26b3
  Flipper-Glog: 70c50ce58ddaf67dc35180db05f191692570f446
  Flipper-PeerTalk: 116d8f857dc6ef55c7a5a75ea3ceaafe878aadc9
  FlipperKit: 2efad7007d6745a3f95e4034d547be637f89d3f6
  fmt: ff9d55029c625d3757ed641535fd4a75fedc7ce9
  glog: 04b94705f318337d7ead9e6d17c019bd9b1f6b1b
  hermes-engine: 982096772bd947125ee3b4f72ace6cb9a33f1d02
  jail-monkey: e057abe7b37f84e1763491eb72113efd334a6de0
  libevent: 4049cae6c81cdb3654a443be001fb9bdceff7913
  libwebp: 02b23773aedb6ff1fd38cec7a77b81414c6842a8
  OpenSSL-Universal: ebc357f1e6bc71fa463ccb2fe676756aff50e88c
  Permission-Camera: 6df5352286fe05bb07b018e072c7b22b151e08ce
  RCT-Folly: 8dc08ca5a393b48b1c523ab6220dfdcc0fe000ad
  RCTRequired: 01c639ec840ee03928b2d65f5cd5297d737b3834
  RCTTypeSafety: 9623592521a1576363baf3d6ab8d164cfe9062bf
  React: 3c0beeda318c3c515a6bb2c1f197b55bd731aa43
  React-callinvoker: 0cd6ff2cdd80255c82cd4628fc925df1e7133a1a
  React-Codegen: d3239ad82b29f93beeeb154ac0c776719d1164bc
  React-Core: 24c3b4beb23e45bdfe1a57cc7687b8ead142a43b
  React-CoreModules: 24415fff794f24f8269846b88d9ac6b172ce4171
  React-cxxreact: 9c9d59b4ce6f2535f31e0d812af6a58bc304ba85
  React-debug: 3a5091cbda7ffe5f11ad0443109810fcd1a3e885
  React-hermes: 773790a092f8e0939e1aa3ee6cd10e928f2ce643
  React-jsi: 33409556a868a4cf41347e68ffd270cbba1d218a
  React-jsiexecutor: 8d95d2ed8969c2ce7eb8b4bfaccb0bb9c0423761
  React-jsinspector: 853b8631b908636bb09ef77cb217376c38a0c8ff
  React-logger: afa402da502a35728c9073804b1802861783a996
  react-native-biometrics: 28b3d12a36f2fe9ba674f91c0d4dbfb1655feafe
  react-native-camera: 079d80421f0572d6b4e836908114d614d0adb553
  react-native-get-random-values: d16467cf726c618e9c7a8c3c39c31faa2244bbba
  react-native-netinfo: 98ba850c436e81a5e811abb5055952db52d5d023
  react-native-quick-base64: aa7af8c380016c63366692b61a25f8283c945c40
  react-native-randombytes: 4eeddad82d1fd57adda1cd5beffe67d041c9d6de
  react-native-safe-area-context: 758e894ca5a9bd1868d2a9cfbca7326a2b6bf9dc
  react-native-splash-screen: 95994222cc95c236bd3cdc59fe45ed5f27969594
  react-native-tcp-socket: 120072c8020262032773f80f0daaf3964aaa08a1
  react-native-udp: 806f16ab890dd838bc073afcebd6a221d4965572
  react-native-webview: ec195db71ebf55705d7b46a7da5f1b1746bb7efd
  React-NativeModulesApple: a3b3019ffee56cf78bbf09c48e056072f3bb4ea4
  React-perflogger: 785b0063af5178298a61b54bb46aae9a19c7bbb5
  React-RCTActionSheet: 84f37b34bd77249263ace75471d6664393c29972
  React-RCTAnimation: 5713910b6223154df4bba80a0bda4e2e671b00f8
  React-RCTAppDelegate: 11fe0debffcd253bfee81d68fc588f6367444caf
  React-RCTBlob: 0f191768e0be79ab0cf487be4cab6e88e5c4e480
  React-RCTImage: 2e63a483be5d4e46a80dea3b17c9abee38006feb
  React-RCTLinking: e3ff685ee62187f8f61e938357307c1f890125b5
  React-RCTNetwork: a35842997a403edfdc1ec25b61a0e10a0526368d
  React-RCTSettings: aef81e0ac54268d2928ad31c4f91056cc75e5ce9
  React-RCTText: 7becec5f53f03b20da11f4b7e40e6bcfd476d134
  React-RCTVibration: defaae8016de9b3351a2a67ee8ef3fbdd643b0e1
  React-rncore: dfd20469cfad38e48b1c3cc9c4367db63f5231d7
  React-runtimeexecutor: 448409b5ae5a01b7793239f630051960c7dd39f9
  React-runtimescheduler: 5cd71d2becb07952525bd137963ca5cb98597bc0
  React-utils: 389181b1411d047f3d9c4913930b9e806d59d0b1
  ReactCommon: 561cfc1683ccdebe8a377b4616958ea6a1f62d91
  RNCAsyncStorage: b44e8a4e798c3e1f56bffccd0f591f674fb9198f
  RNCClipboard: f6679d470d0da2bce2a37b0af7b9e0bf369ecda5
  RNDeviceInfo: d3e91ffb33ee97a7982108476edb68cb3672efa6
  RNFastImage: dc2b8ac381af7da9c0690f4ae80335019635718e
  RNFS: 89de7d7f4c0f6bafa05343c578f61118c8282ed8
  RNGestureHandler: 1afb4b52b44d68a545706e74821890d260d9fb71
  RNInAppBrowser: 6d3eb68d471b9834335c664704719b8be1bfdb20
  RNKeychain: 3194f1c9d8599f39e570b4b5ecbcdd8cd610e771
  RNPermissions: 8709597abda86902b17f5b547e76be4bde8a306f
  RNReanimated: b0f7e8aa06fc3d0dc0b1987f5fbc67fb91dac9c0
  RNScreens: 62105361665a78db040bc4563f8cc755cb49c46e
  RNSVG: ae50dd253f44447b32d0f5a3657a97859f289891
  RNVectorIcons: 5784330be9dddb5474e8b378d5f6947996c84e55
  SDWebImage: a7f831e1a65eb5e285e3fb046a23fcfbf08e696d
  SDWebImageWebPCoder: 908b83b6adda48effe7667cd2b7f78c897e5111d
  SocketRocket: f32cd54efbe0f095c4d7594881e52619cfe80b17
  Yoga: ef534101bb891fb09bae657417f34d399c1efe38
  YogaKit: f782866e155069a2cca2517aafea43200b01fd5a

PODFILE CHECKSUM: 98d82659ea1427caf25525fa81e40f311e3b6627

COCOAPODS: 1.16.2
